
Microsoft Visual Studio Solution File, Format Version 12.00
# Visual Studio Version 17
VisualStudioVersion = 17.8.34330.188
MinimumVisualStudioVersion = 10.0.40219.1
Project("{2150E333-8FDC-42A3-9474-1A3956D46DE8}") = "AspIdentityJwtAuth", "AspIdentityJwtAuth", "{6292A895-FD75-44F2-8807-619183DFAFF2}"
EndProject
Project("{9A19103F-16F7-4668-BE54-9A1E7A4F7556}") = "AspJWTAuth", "AspJWTAuth\AspJWTAuth.csproj", "{F298766E-D98C-41AF-B365-734BF6A8EB33}"
EndProject
Project("{9A19103F-16F7-4668-BE54-9A1E7A4F7556}") = "MauiBookingApp", "MauiBookingApp\MauiBookingApp.csproj", "{E515308F-30ED-4CF8-A909-5E035852F8BF}"
EndProject
Project("{9A19103F-16F7-4668-BE54-9A1E7A4F7556}") = "App.ApiClient", "App.ApiClient\App.ApiClient.csproj", "{3F16F606-CE95-46C1-986F-20ADAF0F848E}"
EndProject
Project("{00D1A9C2-B5F0-4AF3-8072-F6C62B433612}") = "HaBHABookingDb", "HaBHABookingDb\HaBHABookingDb.sqlproj", "{53C5D671-2A86-4075-95FC-897606B5D17D}"
EndProject
Global
	GlobalSection(SolutionConfigurationPlatforms) = preSolution
		Debug|Any CPU = Debug|Any CPU
		Release|Any CPU = Release|Any CPU
	EndGlobalSection
	GlobalSection(ProjectConfigurationPlatforms) = postSolution
		{F298766E-D98C-41AF-B365-734BF6A8EB33}.Debug|Any CPU.ActiveCfg = Debug|Any CPU
		{F298766E-D98C-41AF-B365-734BF6A8EB33}.Debug|Any CPU.Build.0 = Debug|Any CPU
		{F298766E-D98C-41AF-B365-734BF6A8EB33}.Release|Any CPU.ActiveCfg = Release|Any CPU
		{F298766E-D98C-41AF-B365-734BF6A8EB33}.Release|Any CPU.Build.0 = Release|Any CPU
		{E515308F-30ED-4CF8-A909-5E035852F8BF}.Debug|Any CPU.ActiveCfg = Debug|Any CPU
		{E515308F-30ED-4CF8-A909-5E035852F8BF}.Debug|Any CPU.Build.0 = Debug|Any CPU
		{E515308F-30ED-4CF8-A909-5E035852F8BF}.Debug|Any CPU.Deploy.0 = Debug|Any CPU
		{E515308F-30ED-4CF8-A909-5E035852F8BF}.Release|Any CPU.ActiveCfg = Release|Any CPU
		{E515308F-30ED-4CF8-A909-5E035852F8BF}.Release|Any CPU.Build.0 = Release|Any CPU
		{E515308F-30ED-4CF8-A909-5E035852F8BF}.Release|Any CPU.Deploy.0 = Release|Any CPU
		{3F16F606-CE95-46C1-986F-20ADAF0F848E}.Debug|Any CPU.ActiveCfg = Debug|Any CPU
		{3F16F606-CE95-46C1-986F-20ADAF0F848E}.Debug|Any CPU.Build.0 = Debug|Any CPU
		{3F16F606-CE95-46C1-986F-20ADAF0F848E}.Release|Any CPU.ActiveCfg = Release|Any CPU
		{3F16F606-CE95-46C1-986F-20ADAF0F848E}.Release|Any CPU.Build.0 = Release|Any CPU
		{53C5D671-2A86-4075-95FC-897606B5D17D}.Debug|Any CPU.ActiveCfg = Debug|Any CPU
		{53C5D671-2A86-4075-95FC-897606B5D17D}.Debug|Any CPU.Build.0 = Debug|Any CPU
		{53C5D671-2A86-4075-95FC-897606B5D17D}.Debug|Any CPU.Deploy.0 = Debug|Any CPU
		{53C5D671-2A86-4075-95FC-897606B5D17D}.Release|Any CPU.ActiveCfg = Release|Any CPU
		{53C5D671-2A86-4075-95FC-897606B5D17D}.Release|Any CPU.Build.0 = Release|Any CPU
		{53C5D671-2A86-4075-95FC-897606B5D17D}.Release|Any CPU.Deploy.0 = Release|Any CPU
	EndGlobalSection
	GlobalSection(SolutionProperties) = preSolution
		HideSolutionNode = FALSE
	EndGlobalSection
	GlobalSection(NestedProjects) = preSolution
		{F298766E-D98C-41AF-B365-734BF6A8EB33} = {6292A895-FD75-44F2-8807-619183DFAFF2}
		{E515308F-30ED-4CF8-A909-5E035852F8BF} = {6292A895-FD75-44F2-8807-619183DFAFF2}
		{3F16F606-CE95-46C1-986F-20ADAF0F848E} = {6292A895-FD75-44F2-8807-619183DFAFF2}
		{53C5D671-2A86-4075-95FC-897606B5D17D} = {6292A895-FD75-44F2-8807-619183DFAFF2}
	EndGlobalSection
	GlobalSection(ExtensibilityGlobals) = postSolution
		SolutionGuid = {F398A0DA-40E2-4D46-A41E-A2141F6A8D0F}
	EndGlobalSection
EndGlobal
