
Microsoft Visual Studio Solution File, Format Version 12.00
# Visual Studio Version 17
VisualStudioVersion = 17.11.35222.181
MinimumVisualStudioVersion = 10.0.40219.1
Project("{FAE04EC0-301F-11D3-BF4B-00C04F79EFBC}") = "MauiApp1", "MauiApp1\MauiApp1.csproj", "{107741FF-0378-4868-8B58-FF00C142932D}"
EndProject
Global
	GlobalSection(SolutionConfigurationPlatforms) = preSolution
		Debug|Any CPU = Debug|Any CPU
		Release|Any CPU = Release|Any CPU
	EndGlobalSection
	GlobalSection(ProjectConfigurationPlatforms) = postSolution
		{107741FF-0378-4868-8B58-FF00C142932D}.Debug|Any CPU.ActiveCfg = Debug|Any CPU
		{107741FF-0378-4868-8B58-FF00C142932D}.Debug|Any CPU.Build.0 = Debug|Any CPU
		{107741FF-0378-4868-8B58-FF00C142932D}.Debug|Any CPU.Deploy.0 = Debug|Any CPU
		{107741FF-0378-4868-8B58-FF00C142932D}.Release|Any CPU.ActiveCfg = Release|Any CPU
		{107741FF-0378-4868-8B58-FF00C142932D}.Release|Any CPU.Build.0 = Release|Any CPU
		{107741FF-0378-4868-8B58-FF00C142932D}.Release|Any CPU.Deploy.0 = Release|Any CPU
	EndGlobalSection
	GlobalSection(SolutionProperties) = preSolution
		HideSolutionNode = FALSE
	EndGlobalSection
	GlobalSection(ExtensibilityGlobals) = postSolution
		SolutionGuid = {C29FB8A1-59F3-4C9F-A77E-C51486DE1F58}
	EndGlobalSection
EndGlobal
