
Microsoft Visual Studio Solution File, Format Version 12.00
# Visual Studio Version 17
VisualStudioVersion = 17.11.35222.181
MinimumVisualStudioVersion = 10.0.40219.1
Project("{FAE04EC0-301F-11D3-BF4B-00C04F79EFBC}") = "AppServer", "AppServer\AppServer.csproj", "{CBD99E2B-63B5-47DC-8E92-40689BA4863A}"
EndProject
Global
	GlobalSection(SolutionConfigurationPlatforms) = preSolution
		Debug|Any CPU = Debug|Any CPU
		Release|Any CPU = Release|Any CPU
	EndGlobalSection
	GlobalSection(ProjectConfigurationPlatforms) = postSolution
		{CBD99E2B-63B5-47DC-8E92-40689BA4863A}.Debug|Any CPU.ActiveCfg = Debug|Any CPU
		{CBD99E2B-63B5-47DC-8E92-40689BA4863A}.Debug|Any CPU.Build.0 = Debug|Any CPU
		{CBD99E2B-63B5-47DC-8E92-40689BA4863A}.Release|Any CPU.ActiveCfg = Release|Any CPU
		{CBD99E2B-63B5-47DC-8E92-40689BA4863A}.Release|Any CPU.Build.0 = Release|Any CPU
	EndGlobalSection
	GlobalSection(SolutionProperties) = preSolution
		HideSolutionNode = FALSE
	EndGlobalSection
	GlobalSection(ExtensibilityGlobals) = postSolution
		SolutionGuid = {5F71EEC4-C2E5-40E6-A958-C57143A4D0EE}
	EndGlobalSection
EndGlobal
